
Microsoft Visual Studio Solution File, Format Version 12.00
# Visual Studio 15
VisualStudioVersion = 15.0.28010.2019
MinimumVisualStudioVersion = 10.0.40219.1
Project("{FAE04EC0-301F-11D3-BF4B-00C04F79EFBC}") = "E2-2.-VALDES_FUCHS_AGUSTIN", "E2-2.-VALDES_FUCHS_AGUSTIN\E2-2.-VALDES_FUCHS_AGUSTIN.csproj", "{B920E192-6861-4ABB-BEB1-1B58FBE47067}"
EndProject
Global
	GlobalSection(SolutionConfigurationPlatforms) = preSolution
		Debug|Any CPU = Debug|Any CPU
		Release|Any CPU = Release|Any CPU
	EndGlobalSection
	GlobalSection(ProjectConfigurationPlatforms) = postSolution
		{B920E192-6861-4ABB-BEB1-1B58FBE47067}.Debug|Any CPU.ActiveCfg = Debug|Any CPU
		{B920E192-6861-4ABB-BEB1-1B58FBE47067}.Debug|Any CPU.Build.0 = Debug|Any CPU
		{B920E192-6861-4ABB-BEB1-1B58FBE47067}.Release|Any CPU.ActiveCfg = Release|Any CPU
		{B920E192-6861-4ABB-BEB1-1B58FBE47067}.Release|Any CPU.Build.0 = Release|Any CPU
	EndGlobalSection
	GlobalSection(SolutionProperties) = preSolution
		HideSolutionNode = FALSE
	EndGlobalSection
	GlobalSection(ExtensibilityGlobals) = postSolution
		SolutionGuid = {0730C385-CDC7-457E-A1D9-630C9C1DBE63}
	EndGlobalSection
EndGlobal
