
Microsoft Visual Studio Solution File, Format Version 12.00
# Visual Studio 15
VisualStudioVersion = 15.0.28010.2019
MinimumVisualStudioVersion = 10.0.40219.1
Project("{FAE04EC0-301F-11D3-BF4B-00C04F79EFBC}") = "PE4", "PE4\PE4.csproj", "{67865644-D8A9-490E-BC25-D1C78EB580F6}"
EndProject
Global
	GlobalSection(SolutionConfigurationPlatforms) = preSolution
		Debug|Any CPU = Debug|Any CPU
		Release|Any CPU = Release|Any CPU
	EndGlobalSection
	GlobalSection(ProjectConfigurationPlatforms) = postSolution
		{67865644-D8A9-490E-BC25-D1C78EB580F6}.Debug|Any CPU.ActiveCfg = Debug|Any CPU
		{67865644-D8A9-490E-BC25-D1C78EB580F6}.Debug|Any CPU.Build.0 = Debug|Any CPU
		{67865644-D8A9-490E-BC25-D1C78EB580F6}.Release|Any CPU.ActiveCfg = Release|Any CPU
		{67865644-D8A9-490E-BC25-D1C78EB580F6}.Release|Any CPU.Build.0 = Release|Any CPU
	EndGlobalSection
	GlobalSection(SolutionProperties) = preSolution
		HideSolutionNode = FALSE
	EndGlobalSection
	GlobalSection(ExtensibilityGlobals) = postSolution
		SolutionGuid = {564B3E77-9516-4DE8-919E-ED3B1891FEA9}
	EndGlobalSection
EndGlobal
