
Microsoft Visual Studio Solution File, Format Version 12.00
# Visual Studio 15
VisualStudioVersion = 15.0.28010.2019
MinimumVisualStudioVersion = 10.0.40219.1
Project("{FAE04EC0-301F-11D3-BF4B-00C04F79EFBC}") = "PE2", "PE2\PE2.csproj", "{5539F906-8718-49DA-971E-D8E4C64DD414}"
EndProject
Global
	GlobalSection(SolutionConfigurationPlatforms) = preSolution
		Debug|Any CPU = Debug|Any CPU
		Release|Any CPU = Release|Any CPU
	EndGlobalSection
	GlobalSection(ProjectConfigurationPlatforms) = postSolution
		{5539F906-8718-49DA-971E-D8E4C64DD414}.Debug|Any CPU.ActiveCfg = Debug|Any CPU
		{5539F906-8718-49DA-971E-D8E4C64DD414}.Debug|Any CPU.Build.0 = Debug|Any CPU
		{5539F906-8718-49DA-971E-D8E4C64DD414}.Release|Any CPU.ActiveCfg = Release|Any CPU
		{5539F906-8718-49DA-971E-D8E4C64DD414}.Release|Any CPU.Build.0 = Release|Any CPU
	EndGlobalSection
	GlobalSection(SolutionProperties) = preSolution
		HideSolutionNode = FALSE
	EndGlobalSection
	GlobalSection(ExtensibilityGlobals) = postSolution
		SolutionGuid = {672D0C55-D6AC-4623-B441-EF3D2CE209E5}
	EndGlobalSection
EndGlobal
