
Microsoft Visual Studio Solution File, Format Version 12.00
# Visual Studio 15
VisualStudioVersion = 15.0.28010.2048
MinimumVisualStudioVersion = 10.0.40219.1
Project("{FAE04EC0-301F-11D3-BF4B-00C04F79EFBC}") = "ListasLigadas", "ListasLigadas\ListasLigadas.csproj", "{0D76FCA6-770D-4F3D-ABFE-806EC714CD43}"
EndProject
Global
	GlobalSection(SolutionConfigurationPlatforms) = preSolution
		Debug|Any CPU = Debug|Any CPU
		Release|Any CPU = Release|Any CPU
	EndGlobalSection
	GlobalSection(ProjectConfigurationPlatforms) = postSolution
		{0D76FCA6-770D-4F3D-ABFE-806EC714CD43}.Debug|Any CPU.ActiveCfg = Debug|Any CPU
		{0D76FCA6-770D-4F3D-ABFE-806EC714CD43}.Debug|Any CPU.Build.0 = Debug|Any CPU
		{0D76FCA6-770D-4F3D-ABFE-806EC714CD43}.Release|Any CPU.ActiveCfg = Release|Any CPU
		{0D76FCA6-770D-4F3D-ABFE-806EC714CD43}.Release|Any CPU.Build.0 = Release|Any CPU
	EndGlobalSection
	GlobalSection(SolutionProperties) = preSolution
		HideSolutionNode = FALSE
	EndGlobalSection
	GlobalSection(ExtensibilityGlobals) = postSolution
		SolutionGuid = {13E6B773-BB80-4B7B-BA2A-1515C9E1B70D}
	EndGlobalSection
EndGlobal
